
Microsoft Visual Studio Solution File, Format Version 12.00
# Visual Studio Version 17
VisualStudioVersion = 17.0.32014.148
MinimumVisualStudioVersion = 10.0.40219.1
Project("{FAE04EC0-301F-11D3-BF4B-00C04F79EFBC}") = "MariaMorales", "MariaMorales\MariaMorales.csproj", "{83D51953-0E17-49EC-A8DC-062F172F4644}"
EndProject
Global
	GlobalSection(SolutionConfigurationPlatforms) = preSolution
		Debug|Any CPU = Debug|Any CPU
		Release|Any CPU = Release|Any CPU
	EndGlobalSection
	GlobalSection(ProjectConfigurationPlatforms) = postSolution
		{83D51953-0E17-49EC-A8DC-062F172F4644}.Debug|Any CPU.ActiveCfg = Debug|Any CPU
		{83D51953-0E17-49EC-A8DC-062F172F4644}.Debug|Any CPU.Build.0 = Debug|Any CPU
		{83D51953-0E17-49EC-A8DC-062F172F4644}.Release|Any CPU.ActiveCfg = Release|Any CPU
		{83D51953-0E17-49EC-A8DC-062F172F4644}.Release|Any CPU.Build.0 = Release|Any CPU
	EndGlobalSection
	GlobalSection(SolutionProperties) = preSolution
		HideSolutionNode = FALSE
	EndGlobalSection
	GlobalSection(ExtensibilityGlobals) = postSolution
		SolutionGuid = {03B9F5BA-5031-4BCB-96C6-E76F99A73230}
	EndGlobalSection
EndGlobal
